
Microsoft Visual Studio Solution File, Format Version 12.00
# Visual Studio Version 17
VisualStudioVersion = 17.13.35828.75
MinimumVisualStudioVersion = 10.0.40219.1
Project("{FAE04EC0-301F-11D3-BF4B-00C04F79EFBC}") = "StudentRegistrationProgramWithDBConnection", "StudentRegistrationProgramWithDBConnection\StudentRegistrationProgramWithDBConnection.csproj", "{617AF78E-54ED-AFC0-2AA5-5F381D949515}"
EndProject
Global
	GlobalSection(SolutionConfigurationPlatforms) = preSolution
		Debug|Any CPU = Debug|Any CPU
		Release|Any CPU = Release|Any CPU
	EndGlobalSection
	GlobalSection(ProjectConfigurationPlatforms) = postSolution
		{617AF78E-54ED-AFC0-2AA5-5F381D949515}.Debug|Any CPU.ActiveCfg = Debug|Any CPU
		{617AF78E-54ED-AFC0-2AA5-5F381D949515}.Debug|Any CPU.Build.0 = Debug|Any CPU
		{617AF78E-54ED-AFC0-2AA5-5F381D949515}.Release|Any CPU.ActiveCfg = Release|Any CPU
		{617AF78E-54ED-AFC0-2AA5-5F381D949515}.Release|Any CPU.Build.0 = Release|Any CPU
	EndGlobalSection
	GlobalSection(SolutionProperties) = preSolution
		HideSolutionNode = FALSE
	EndGlobalSection
	GlobalSection(ExtensibilityGlobals) = postSolution
		SolutionGuid = {18367209-4DA5-4C99-9D17-1E7B82092FA8}
	EndGlobalSection
EndGlobal
